{
  "name": "example",
  "version": "1.0.0",
  "lockfileVersion": 2,
  "requires": true,
  "packages": {
    "": {
      "name": "example",
      "version": "1.0.0",
      "license": "ISC",
      "dependencies": {
        "kafkajs": "^2.2.0-beta.0"
      }
    },
    "node_modules/kafkajs": {
      "version": "2.2.0-beta.0",
      "resolved": "https://registry.npmjs.org/kafkajs/-/kafkajs-2.2.0-beta.0.tgz",
      "integrity": "sha512-q6Qhlg5HS/FXyGSzuPyq4fyczRM9qvW8A2gG2FKFjsUG0tECsOYNNeb3IMbs+50qwh+M823CWc+k+7J6r4muVA==",
      "engines": {
        "node": ">=14.0.0"
      }
    }
  },
  "dependencies": {
    "kafkajs": {
      "version": "2.2.0-beta.0",
      "resolved": "https://registry.npmjs.org/kafkajs/-/kafkajs-2.2.0-beta.0.tgz",
      "integrity": "sha512-q6Qhlg5HS/FXyGSzuPyq4fyczRM9qvW8A2gG2FKFjsUG0tECsOYNNeb3IMbs+50qwh+M823CWc+k+7J6r4muVA=="
    }
  }
}
